
Microsoft Visual Studio Solution File, Format Version 12.00
# Visual Studio Version 17
VisualStudioVersion = 17.5.33424.131
MinimumVisualStudioVersion = 10.0.40219.1
Project("{8BC9CEB8-8B4A-11D0-8D11-00A0C91BC942}") = "Pointer", "Pointer\Pointer.vcxproj", "{FB84CA33-D65E-42D3-80A2-2843D1FB9F9C}"
EndProject
Project("{8BC9CEB8-8B4A-11D0-8D11-00A0C91BC942}") = "Pointer2", "Pointer2\Pointer2.vcxproj", "{C4A0578F-B8BB-433F-A3D5-8EE052FA05E1}"
EndProject
Project("{8BC9CEB8-8B4A-11D0-8D11-00A0C91BC942}") = "FriendClass", "FriendClass\FriendClass.vcxproj", "{BC0C6A62-D207-44D6-90E7-F7BF9DCDD4DF}"
EndProject
Global
	GlobalSection(SolutionConfigurationPlatforms) = preSolution
		Debug|x64 = Debug|x64
		Debug|x86 = Debug|x86
		Release|x64 = Release|x64
		Release|x86 = Release|x86
	EndGlobalSection
	GlobalSection(ProjectConfigurationPlatforms) = postSolution
		{FB84CA33-D65E-42D3-80A2-2843D1FB9F9C}.Debug|x64.ActiveCfg = Debug|x64
		{FB84CA33-D65E-42D3-80A2-2843D1FB9F9C}.Debug|x64.Build.0 = Debug|x64
		{FB84CA33-D65E-42D3-80A2-2843D1FB9F9C}.Debug|x86.ActiveCfg = Debug|Win32
		{FB84CA33-D65E-42D3-80A2-2843D1FB9F9C}.Debug|x86.Build.0 = Debug|Win32
		{FB84CA33-D65E-42D3-80A2-2843D1FB9F9C}.Release|x64.ActiveCfg = Release|x64
		{FB84CA33-D65E-42D3-80A2-2843D1FB9F9C}.Release|x64.Build.0 = Release|x64
		{FB84CA33-D65E-42D3-80A2-2843D1FB9F9C}.Release|x86.ActiveCfg = Release|Win32
		{FB84CA33-D65E-42D3-80A2-2843D1FB9F9C}.Release|x86.Build.0 = Release|Win32
		{C4A0578F-B8BB-433F-A3D5-8EE052FA05E1}.Debug|x64.ActiveCfg = Debug|x64
		{C4A0578F-B8BB-433F-A3D5-8EE052FA05E1}.Debug|x64.Build.0 = Debug|x64
		{C4A0578F-B8BB-433F-A3D5-8EE052FA05E1}.Debug|x86.ActiveCfg = Debug|Win32
		{C4A0578F-B8BB-433F-A3D5-8EE052FA05E1}.Debug|x86.Build.0 = Debug|Win32
		{C4A0578F-B8BB-433F-A3D5-8EE052FA05E1}.Release|x64.ActiveCfg = Release|x64
		{C4A0578F-B8BB-433F-A3D5-8EE052FA05E1}.Release|x64.Build.0 = Release|x64
		{C4A0578F-B8BB-433F-A3D5-8EE052FA05E1}.Release|x86.ActiveCfg = Release|Win32
		{C4A0578F-B8BB-433F-A3D5-8EE052FA05E1}.Release|x86.Build.0 = Release|Win32
		{BC0C6A62-D207-44D6-90E7-F7BF9DCDD4DF}.Debug|x64.ActiveCfg = Debug|x64
		{BC0C6A62-D207-44D6-90E7-F7BF9DCDD4DF}.Debug|x64.Build.0 = Debug|x64
		{BC0C6A62-D207-44D6-90E7-F7BF9DCDD4DF}.Debug|x86.ActiveCfg = Debug|Win32
		{BC0C6A62-D207-44D6-90E7-F7BF9DCDD4DF}.Debug|x86.Build.0 = Debug|Win32
		{BC0C6A62-D207-44D6-90E7-F7BF9DCDD4DF}.Release|x64.ActiveCfg = Release|x64
		{BC0C6A62-D207-44D6-90E7-F7BF9DCDD4DF}.Release|x64.Build.0 = Release|x64
		{BC0C6A62-D207-44D6-90E7-F7BF9DCDD4DF}.Release|x86.ActiveCfg = Release|Win32
		{BC0C6A62-D207-44D6-90E7-F7BF9DCDD4DF}.Release|x86.Build.0 = Release|Win32
	EndGlobalSection
	GlobalSection(SolutionProperties) = preSolution
		HideSolutionNode = FALSE
	EndGlobalSection
	GlobalSection(ExtensibilityGlobals) = postSolution
		SolutionGuid = {1F8ABB29-23C9-4731-9B75-82039E690AC1}
	EndGlobalSection
EndGlobal
